// !$*UTF8*$!
{
	archiveVersion = 1;
	classes = {
	};
	objectVersion = 46;
	objects = {

/* Begin PBXBuildFile section */
		4822190D1E601D6800A45168 /* AppDelegate.swift in Sources */ = {isa = PBXBuildFile; fileRef = 4822190C1E601D6800A45168 /* AppDelegate.swift */; };
		4822190F1E601D6800A45168 /* ViewController.swift in Sources */ = {isa = PBXBuildFile; fileRef = 4822190E1E601D6800A45168 /* ViewController.swift */; };
		482219121E601D6800A45168 /* Main.storyboard in Resources */ = {isa = PBXBuildFile; fileRef = 482219101E601D6800A45168 /* Main.storyboard */; };
		482219141E601D6800A45168 /* Assets.xcassets in Resources */ = {isa = PBXBuildFile; fileRef = 482219131E601D6800A45168 /* Assets.xcassets */; };
		482219171E601D6800A45168 /* LaunchScreen.storyboard in Resources */ = {isa = PBXBuildFile; fileRef = 482219151E601D6800A45168 /* LaunchScreen.storyboard */; };
		482219221E601D6800A45168 /* tipsterTests.swift in Sources */ = {isa = PBXBuildFile; fileRef = 482219211E601D6800A45168 /* tipsterTests.swift */; };
		4822192D1E601D6800A45168 /* tipsterUITests.swift in Sources */ = {isa = PBXBuildFile; fileRef = 4822192C1E601D6800A45168 /* tipsterUITests.swift */; };
/* End PBXBuildFile section */

/* Begin PBXContainerItemProxy section */
		4822191E1E601D6800A45168 /* PBXContainerItemProxy */ = {
			isa = PBXContainerItemProxy;
			containerPortal = 482219011E601D6800A45168 /* Project object */;
			proxyType = 1;
			remoteGlobalIDString = 482219081E601D6800A45168;
			remoteInfo = tipster;
		};
		482219291E601D6800A45168 /* PBXContainerItemProxy */ = {
			isa = PBXContainerItemProxy;
			containerPortal = 482219011E601D6800A45168 /* Project object */;
			proxyType = 1;
			remoteGlobalIDString = 482219081E601D6800A45168;
			remoteInfo = tipster;
		};
/* End PBXContainerItemProxy section */

/* Begin PBXFileReference section */
		482219091E601D6800A45168 /* tipster.app */ = {isa = PBXFileReference; explicitFileType = wrapper.application; includeInIndex = 0; path = tipster.app; sourceTree = BUILT_PRODUCTS_DIR; };
		4822190C1E601D6800A45168 /* AppDelegate.swift */ = {isa = PBXFileReference; lastKnownFileType = sourcecode.swift; path = AppDelegate.swift; sourceTree = "<group>"; };
		4822190E1E601D6800A45168 /* ViewController.swift */ = {isa = PBXFileReference; lastKnownFileType = sourcecode.swift; path = ViewController.swift; sourceTree = "<group>"; };
		482219111E601D6800A45168 /* Base */ = {isa = PBXFileReference; lastKnownFileType = file.storyboard; name = Base; path = Base.lproj/Main.storyboard; sourceTree = "<group>"; };
		482219131E601D6800A45168 /* Assets.xcassets */ = {isa = PBXFileReference; lastKnownFileType = folder.assetcatalog; path = Assets.xcassets; sourceTree = "<group>"; };
		482219161E601D6800A45168 /* Base */ = {isa = PBXFileReference; lastKnownFileType = file.storyboard; name = Base; path = Base.lproj/LaunchScreen.storyboard; sourceTree = "<group>"; };
		482219181E601D6800A45168 /* Info.plist */ = {isa = PBXFileReference; lastKnownFileType = text.plist.xml; path = Info.plist; sourceTree = "<group>"; };
		4822191D1E601D6800A45168 /* tipsterTests.xctest */ = {isa = PBXFileReference; explicitFileType = wrapper.cfbundle; includeInIndex = 0; path = tipsterTests.xctest; sourceTree = BUILT_PRODUCTS_DIR; };
		482219211E601D6800A45168 /* tipsterTests.swift */ = {isa = PBXFileReference; lastKnownFileType = sourcecode.swift; path = tipsterTests.swift; sourceTree = "<group>"; };
		482219231E601D6800A45168 /* Info.plist */ = {isa = PBXFileReference; lastKnownFileType = text.plist.xml; path = Info.plist; sourceTree = "<group>"; };
		482219281E601D6800A45168 /* tipsterUITests.xctest */ = {isa = PBXFileReference; explicitFileType = wrapper.cfbundle; includeInIndex = 0; path = tipsterUITests.xctest; sourceTree = BUILT_PRODUCTS_DIR; };
		4822192C1E601D6800A45168 /* tipsterUITests.swift */ = {isa = PBXFileReference; lastKnownFileType = sourcecode.swift; path = tipsterUITests.swift; sourceTree = "<group>"; };
		4822192E1E601D6800A45168 /* Info.plist */ = {isa = PBXFileReference; lastKnownFileType = text.plist.xml; path = Info.plist; sourceTree = "<group>"; };
/* End PBXFileReference section */

/* Begin PBXFrameworksBuildPhase section */
		482219061E601D6800A45168 /* Frameworks */ = {
			isa = PBXFrameworksBuildPhase;
			buildActionMask = 2147483647;
			files = (
			);
			runOnlyForDeploymentPostprocessing = 0;
		};
		4822191A1E601D6800A45168 /* Frameworks */ = {
			isa = PBXFrameworksBuildPhase;
			buildActionMask = 2147483647;
			files = (
			);
			runOnlyForDeploymentPostprocessing = 0;
		};
		482219251E601D6800A45168 /* Frameworks */ = {
			isa = PBXFrameworksBuildPhase;
			buildActionMask = 2147483647;
			files = (
			);
			runOnlyForDeploymentPostprocessing = 0;
		};
/* End PBXFrameworksBuildPhase section */

/* Begin PBXGroup section */
		482219001E601D6800A45168 = {
			isa = PBXGroup;
			children = (
				4822190B1E601D6800A45168 /* tipster */,
				482219201E601D6800A45168 /* tipsterTests */,
				4822192B1E601D6800A45168 /* tipsterUITests */,
				4822190A1E601D6800A45168 /* Products */,
			);
			sourceTree = "<group>";
		};
		4822190A1E601D6800A45168 /* Products */ = {
			isa = PBXGroup;
			children = (
				482219091E601D6800A45168 /* tipster.app */,
				4822191D1E601D6800A45168 /* tipsterTests.xctest */,
				482219281E601D6800A45168 /* tipsterUITests.xctest */,
			);
			name = Products;
			sourceTree = "<group>";
		};
		4822190B1E601D6800A45168 /* tipster */ = {
			isa = PBXGroup;
			children = (
				4822190C1E601D6800A45168 /* AppDelegate.swift */,
				4822190E1E601D6800A45168 /* ViewController.swift */,
				482219101E601D6800A45168 /* Main.storyboard */,
				482219131E601D6800A45168 /* Assets.xcassets */,
				482219151E601D6800A45168 /* LaunchScreen.storyboard */,
				482219181E601D6800A45168 /* Info.plist */,
			);
			path = tipster;
			sourceTree = "<group>";
		};
		482219201E601D6800A45168 /* tipsterTests */ = {
			isa = PBXGroup;
			children = (
				482219211E601D6800A45168 /* tipsterTests.swift */,
				482219231E601D6800A45168 /* Info.plist */,
			);
			path = tipsterTests;
			sourceTree = "<group>";
		};
		4822192B1E601D6800A45168 /* tipsterUITests */ = {
			isa = PBXGroup;
			children = (
				4822192C1E601D6800A45168 /* tipsterUITests.swift */,
				4822192E1E601D6800A45168 /* Info.plist */,
			);
			path = tipsterUITests;
			sourceTree = "<group>";
		};
/* End PBXGroup section */

/* Begin PBXNativeTarget section */
		482219081E601D6800A45168 /* tipster */ = {
			isa = PBXNativeTarget;
			buildConfigurationList = 482219311E601D6800A45168 /* Build configuration list for PBXNativeTarget "tipster" */;
			buildPhases = (
				482219051E601D6800A45168 /* Sources */,
				482219061E601D6800A45168 /* Frameworks */,
				482219071E601D6800A45168 /* Resources */,
			);
			buildRules = (
			);
			dependencies = (
			);
			name = tipster;
			productName = tipster;
			productReference = 482219091E601D6800A45168 /* tipster.app */;
			productType = "com.apple.product-type.application";
		};
		4822191C1E601D6800A45168 /* tipsterTests */ = {
			isa = PBXNativeTarget;
			buildConfigurationList = 482219341E601D6800A45168 /* Build configuration list for PBXNativeTarget "tipsterTests" */;
			buildPhases = (
				482219191E601D6800A45168 /* Sources */,
				4822191A1E601D6800A45168 /* Frameworks */,
				4822191B1E601D6800A45168 /* Resources */,
			);
			buildRules = (
			);
			dependencies = (
				4822191F1E601D6800A45168 /* PBXTargetDependency */,
			);
			name = tipsterTests;
			productName = tipsterTests;
			productReference = 4822191D1E601D6800A45168 /* tipsterTests.xctest */;
			productType = "com.apple.product-type.bundle.unit-test";
		};
		482219271E601D6800A45168 /* tipsterUITests */ = {
			isa = PBXNativeTarget;
			buildConfigurationList = 482219371E601D6800A45168 /* Build configuration list for PBXNativeTarget "tipsterUITests" */;
			buildPhases = (
				482219241E601D6800A45168 /* Sources */,
				482219251E601D6800A45168 /* Frameworks */,
				482219261E601D6800A45168 /* Resources */,
			);
			buildRules = (
			);
			dependencies = (
				4822192A1E601D6800A45168 /* PBXTargetDependency */,
			);
			name = tipsterUITests;
			productName = tipsterUITests;
			productReference = 482219281E601D6800A45168 /* tipsterUITests.xctest */;
			productType = "com.apple.product-type.bundle.ui-testing";
		};
/* End PBXNativeTarget section */

/* Begin PBXProject section */
		482219011E601D6800A45168 /* Project object */ = {
			isa = PBXProject;
			attributes = {
				LastSwiftUpdateCheck = 0820;
				LastUpgradeCheck = 0820;
				ORGANIZATIONNAME = bis;
				TargetAttributes = {
					482219081E601D6800A45168 = {
						CreatedOnToolsVersion = 8.2.1;
						ProvisioningStyle = Automatic;
					};
					4822191C1E601D6800A45168 = {
						CreatedOnToolsVersion = 8.2.1;
						ProvisioningStyle = Automatic;
						TestTargetID = 482219081E601D6800A45168;
					};
					482219271E601D6800A45168 = {
						CreatedOnToolsVersion = 8.2.1;
						ProvisioningStyle = Automatic;
						TestTargetID = 482219081E601D6800A45168;
					};
				};
			};
			buildConfigurationList = 482219041E601D6800A45168 /* Build configuration list for PBXProject "tipster" */;
			compatibilityVersion = "Xcode 3.2";
			developmentRegion = English;
			hasScannedForEncodings = 0;
			knownRegions = (
				en,
				Base,
			);
			mainGroup = 482219001E601D6800A45168;
			productRefGroup = 4822190A1E601D6800A45168 /* Products */;
			projectDirPath = "";
			projectRoot = "";
			targets = (
				482219081E601D6800A45168 /* tipster */,
				4822191C1E601D6800A45168 /* tipsterTests */,
				482219271E601D6800A45168 /* tipsterUITests */,
			);
		};
/* End PBXProject section */

/* Begin PBXResourcesBuildPhase section */
		482219071E601D6800A45168 /* Resources */ = {
			isa = PBXResourcesBuildPhase;
			buildActionMask = 2147483647;
			files = (
				482219171E601D6800A45168 /* LaunchScreen.storyboard in Resources */,
				482219141E601D6800A45168 /* Assets.xcassets in Resources */,
				482219121E601D6800A45168 /* Main.storyboard in Resources */,
			);
			runOnlyForDeploymentPostprocessing = 0;
		};
		4822191B1E601D6800A45168 /* Resources */ = {
			isa = PBXResourcesBuildPhase;
			buildActionMask = 2147483647;
			files = (
			);
			runOnlyForDeploymentPostprocessing = 0;
		};
		482219261E601D6800A45168 /* Resources */ = {
			isa = PBXResourcesBuildPhase;
			buildActionMask = 2147483647;
			files = (
			);
			runOnlyForDeploymentPostprocessing = 0;
		};
/* End PBXResourcesBuildPhase section */

/* Begin PBXSourcesBuildPhase section */
		482219051E601D6800A45168 /* Sources */ = {
			isa = PBXSourcesBuildPhase;
			buildActionMask = 2147483647;
			files = (
				4822190F1E601D6800A45168 /* ViewController.swift in Sources */,
				4822190D1E601D6800A45168 /* AppDelegate.swift in Sources */,
			);
			runOnlyForDeploymentPostprocessing = 0;
		};
		482219191E601D6800A45168 /* Sources */ = {
			isa = PBXSourcesBuildPhase;
			buildActionMask = 2147483647;
			files = (
				482219221E601D6800A45168 /* tipsterTests.swift in Sources */,
			);
			runOnlyForDeploymentPostprocessing = 0;
		};
		482219241E601D6800A45168 /* Sources */ = {
			isa = PBXSourcesBuildPhase;
			buildActionMask = 2147483647;
			files = (
				4822192D1E601D6800A45168 /* tipsterUITests.swift in Sources */,
			);
			runOnlyForDeploymentPostprocessing = 0;
		};
/* End PBXSourcesBuildPhase section */

/* Begin PBXTargetDependency section */
		4822191F1E601D6800A45168 /* PBXTargetDependency */ = {
			isa = PBXTargetDependency;
			target = 482219081E601D6800A45168 /* tipster */;
			targetProxy = 4822191E1E601D6800A45168 /* PBXContainerItemProxy */;
		};
		4822192A1E601D6800A45168 /* PBXTargetDependency */ = {
			isa = PBXTargetDependency;
			target = 482219081E601D6800A45168 /* tipster */;
			targetProxy = 482219291E601D6800A45168 /* PBXContainerItemProxy */;
		};
/* End PBXTargetDependency section */

/* Begin PBXVariantGroup section */
		482219101E601D6800A45168 /* Main.storyboard */ = {
			isa = PBXVariantGroup;
			children = (
				482219111E601D6800A45168 /* Base */,
			);
			name = Main.storyboard;
			sourceTree = "<group>";
		};
		482219151E601D6800A45168 /* LaunchScreen.storyboard */ = {
			isa = PBXVariantGroup;
			children = (
				482219161E601D6800A45168 /* Base */,
			);
			name = LaunchScreen.storyboard;
			sourceTree = "<group>";
		};
/* End PBXVariantGroup section */

/* Begin XCBuildConfiguration section */
		4822192F1E601D6800A45168 /* Debug */ = {
			isa = XCBuildConfiguration;
			buildSettings = {
				ALWAYS_SEARCH_USER_PATHS = NO;
				CLANG_ANALYZER_NONNULL = YES;
				CLANG_CXX_LANGUAGE_STANDARD = "gnu++0x";
				CLANG_CXX_LIBRARY = "libc++";
				CLANG_ENABLE_MODULES = YES;
				CLANG_ENABLE_OBJC_ARC = YES;
				CLANG_WARN_BOOL_CONVERSION = YES;
				CLANG_WARN_CONSTANT_CONVERSION = YES;
				CLANG_WARN_DIRECT_OBJC_ISA_USAGE = YES_ERROR;
				CLANG_WARN_DOCUMENTATION_COMMENTS = YES;
				CLANG_WARN_EMPTY_BODY = YES;
				CLANG_WARN_ENUM_CONVERSION = YES;
				CLANG_WARN_INFINITE_RECURSION = YES;
				CLANG_WARN_INT_CONVERSION = YES;
				CLANG_WARN_OBJC_ROOT_CLASS = YES_ERROR;
				CLANG_WARN_SUSPICIOUS_MOVE = YES;
				CLANG_WARN_UNREACHABLE_CODE = YES;
				CLANG_WARN__DUPLICATE_METHOD_MATCH = YES;
				"CODE_SIGN_IDENTITY[sdk=iphoneos*]" = "iPhone Developer";
				COPY_PHASE_STRIP = NO;
				DEBUG_INFORMATION_FORMAT = dwarf;
				ENABLE_STRICT_OBJC_MSGSEND = YES;
				ENABLE_TESTABILITY = YES;
				GCC_C_LANGUAGE_STANDARD = gnu99;
				GCC_DYNAMIC_NO_PIC = NO;
				GCC_NO_COMMON_BLOCKS = YES;
				GCC_OPTIMIZATION_LEVEL = 0;
				GCC_PREPROCESSOR_DEFINITIONS = (
					"DEBUG=1",
					"$(inherited)",
				);
				GCC_WARN_64_TO_32_BIT_CONVERSION = YES;
				GCC_WARN_ABOUT_RETURN_TYPE = YES_ERROR;
				GCC_WARN_UNDECLARED_SELECTOR = YES;
				GCC_WARN_UNINITIALIZED_AUTOS = YES_AGGRESSIVE;
				GCC_WARN_UNUSED_FUNCTION = YES;
				GCC_WARN_UNUSED_VARIABLE = YES;
				IPHONEOS_DEPLOYMENT_TARGET = 10.2;
				MTL_ENABLE_DEBUG_INFO = YES;
				ONLY_ACTIVE_ARCH = YES;
				SDKROOT = iphoneos;
				SWIFT_ACTIVE_COMPILATION_CONDITIONS = DEBUG;
				SWIFT_OPTIMIZATION_LEVEL = "-Onone";
			};
			name = Debug;
		};
		482219301E601D6800A45168 /* Release */ = {
			isa = XCBuildConfiguration;
			buildSettings = {
				ALWAYS_SEARCH_USER_PATHS = NO;
				CLANG_ANALYZER_NONNULL = YES;
				CLANG_CXX_LANGUAGE_STANDARD = "gnu++0x";
				CLANG_CXX_LIBRARY = "libc++";
				CLANG_ENABLE_MODULES = YES;
				CLANG_ENABLE_OBJC_ARC = YES;
				CLANG_WARN_BOOL_CONVERSION = YES;
				CLANG_WARN_CONSTANT_CONVERSION = YES;
				CLANG_WARN_DIRECT_OBJC_ISA_USAGE = YES_ERROR;
				CLANG_WARN_DOCUMENTATION_COMMENTS = YES;
				CLANG_WARN_EMPTY_BODY = YES;
				CLANG_WARN_ENUM_CONVERSION = YES;
				CLANG_WARN_INFINITE_RECURSION = YES;
				CLANG_WARN_INT_CONVERSION = YES;
				CLANG_WARN_OBJC_ROOT_CLASS = YES_ERROR;
				CLANG_WARN_SUSPICIOUS_MOVE = YES;
				CLANG_WARN_UNREACHABLE_CODE = YES;
				CLANG_WARN__DUPLICATE_METHOD_MATCH = YES;
				"CODE_SIGN_IDENTITY[sdk=iphoneos*]" = "iPhone Developer";
				COPY_PHASE_STRIP = NO;
				DEBUG_INFORMATION_FORMAT = "dwarf-with-dsym";
				ENABLE_NS_ASSERTIONS = NO;
				ENABLE_STRICT_OBJC_MSGSEND = YES;
				GCC_C_LANGUAGE_STANDARD = gnu99;
				GCC_NO_COMMON_BLOCKS = YES;
				GCC_WARN_64_TO_32_BIT_CONVERSION = YES;
				GCC_WARN_ABOUT_RETURN_TYPE = YES_ERROR;
				GCC_WARN_UNDECLARED_SELECTOR = YES;
				GCC_WARN_UNINITIALIZED_AUTOS = YES_AGGRESSIVE;
				GCC_WARN_UNUSED_FUNCTION = YES;
				GCC_WARN_UNUSED_VARIABLE = YES;
				IPHONEOS_DEPLOYMENT_TARGET = 10.2;
				MTL_ENABLE_DEBUG_INFO = NO;
				SDKROOT = iphoneos;
				SWIFT_OPTIMIZATION_LEVEL = "-Owholemodule";
				VALIDATE_PRODUCT = YES;
			};
			name = Release;
		};
		482219321E601D6800A45168 /* Debug */ = {
			isa = XCBuildConfiguration;
			buildSettings = {
				ASSETCATALOG_COMPILER_APPICON_NAME = AppIcon;
				INFOPLIST_FILE = tipster/Info.plist;
				LD_RUNPATH_SEARCH_PATHS = "$(inherited) @executable_path/Frameworks";
				PRODUCT_BUNDLE_IDENTIFIER = com.codepath.tipster;
				PRODUCT_NAME = "$(TARGET_NAME)";
				SWIFT_VERSION = 3.0;
			};
			name = Debug;
		};
		482219331E601D6800A45168 /* Release */ = {
			isa = XCBuildConfiguration;
			buildSettings = {
				ASSETCATALOG_COMPILER_APPICON_NAME = AppIcon;
				INFOPLIST_FILE = tipster/Info.plist;
				LD_RUNPATH_SEARCH_PATHS = "$(inherited) @executable_path/Frameworks";
				PRODUCT_BUNDLE_IDENTIFIER = com.codepath.tipster;
				PRODUCT_NAME = "$(TARGET_NAME)";
				SWIFT_VERSION = 3.0;
			};
			name = Release;
		};
		482219351E601D6800A45168 /* Debug */ = {
			isa = XCBuildConfiguration;
			buildSettings = {
				ALWAYS_EMBED_SWIFT_STANDARD_LIBRARIES = YES;
				BUNDLE_LOADER = "$(TEST_HOST)";
				INFOPLIST_FILE = tipsterTests/Info.plist;
				LD_RUNPATH_SEARCH_PATHS = "$(inherited) @executable_path/Frameworks @loader_path/Frameworks";
				PRODUCT_BUNDLE_IDENTIFIER = com.codepath.tipsterTests;
				PRODUCT_NAME = "$(TARGET_NAME)";
				SWIFT_VERSION = 3.0;
				TEST_HOST = "$(BUILT_PRODUCTS_DIR)/tipster.app/tipster";
			};
			name = Debug;
		};
		482219361E601D6800A45168 /* Release */ = {
			isa = XCBuildConfiguration;
			buildSettings = {
				ALWAYS_EMBED_SWIFT_STANDARD_LIBRARIES = YES;
				BUNDLE_LOADER = "$(TEST_HOST)";
				INFOPLIST_FILE = tipsterTests/Info.plist;
				LD_RUNPATH_SEARCH_PATHS = "$(inherited) @executable_path/Frameworks @loader_path/Frameworks";
				PRODUCT_BUNDLE_IDENTIFIER = com.codepath.tipsterTests;
				PRODUCT_NAME = "$(TARGET_NAME)";
				SWIFT_VERSION = 3.0;
				TEST_HOST = "$(BUILT_PRODUCTS_DIR)/tipster.app/tipster";
			};
			name = Release;
		};
		482219381E601D6800A45168 /* Debug */ = {
			isa = XCBuildConfiguration;
			buildSettings = {
				ALWAYS_EMBED_SWIFT_STANDARD_LIBRARIES = YES;
				INFOPLIST_FILE = tipsterUITests/Info.plist;
				LD_RUNPATH_SEARCH_PATHS = "$(inherited) @executable_path/Frameworks @loader_path/Frameworks";
				PRODUCT_BUNDLE_IDENTIFIER = com.codepath.tipsterUITests;
				PRODUCT_NAME = "$(TARGET_NAME)";
				SWIFT_VERSION = 3.0;
				TEST_TARGET_NAME = tipster;
			};
			name = Debug;
		};
		482219391E601D6800A45168 /* Release */ = {
			isa = XCBuildConfiguration;
			buildSettings = {
				ALWAYS_EMBED_SWIFT_STANDARD_LIBRARIES = YES;
				INFOPLIST_FILE = tipsterUITests/Info.plist;
				LD_RUNPATH_SEARCH_PATHS = "$(inherited) @executable_path/Frameworks @loader_path/Frameworks";
				PRODUCT_BUNDLE_IDENTIFIER = com.codepath.tipsterUITests;
				PRODUCT_NAME = "$(TARGET_NAME)";
				SWIFT_VERSION = 3.0;
				TEST_TARGET_NAME = tipster;
			};
			name = Release;
		};
/* End XCBuildConfiguration section */

/* Begin XCConfigurationList section */
		482219041E601D6800A45168 /* Build configuration list for PBXProject "tipster" */ = {
			isa = XCConfigurationList;
			buildConfigurations = (
				4822192F1E601D6800A45168 /* Debug */,
				482219301E601D6800A45168 /* Release */,
			);
			defaultConfigurationIsVisible = 0;
			defaultConfigurationName = Release;
		};
		482219311E601D6800A45168 /* Build configuration list for PBXNativeTarget "tipster" */ = {
			isa = XCConfigurationList;
			buildConfigurations = (
				482219321E601D6800A45168 /* Debug */,
				482219331E601D6800A45168 /* Release */,
			);
			defaultConfigurationIsVisible = 0;
		};
		482219341E601D6800A45168 /* Build configuration list for PBXNativeTarget "tipsterTests" */ = {
			isa = XCConfigurationList;
			buildConfigurations = (
				482219351E601D6800A45168 /* Debug */,
				482219361E601D6800A45168 /* Release */,
			);
			defaultConfigurationIsVisible = 0;
		};
		482219371E601D6800A45168 /* Build configuration list for PBXNativeTarget "tipsterUITests" */ = {
			isa = XCConfigurationList;
			buildConfigurations = (
				482219381E601D6800A45168 /* Debug */,
				482219391E601D6800A45168 /* Release */,
			);
			defaultConfigurationIsVisible = 0;
		};
/* End XCConfigurationList section */
	};
	rootObject = 482219011E601D6800A45168 /* Project object */;
}
